
Microsoft Visual Studio Solution File, Format Version 12.00
# Visual Studio 15
VisualStudioVersion = 15.0.28307.2092
MinimumVisualStudioVersion = 10.0.40219.1
Project("{FAE04EC0-301F-11D3-BF4B-00C04F79EFBC}") = "User_Account_Admin", "User_Account_webForm\User_Account_Admin.csproj", "{18B01DBD-5F17-41F3-BAEE-A875BEB47A33}"
EndProject
Global
	GlobalSection(SolutionConfigurationPlatforms) = preSolution
		Debug|Any CPU = Debug|Any CPU
		Release|Any CPU = Release|Any CPU
	EndGlobalSection
	GlobalSection(ProjectConfigurationPlatforms) = postSolution
		{18B01DBD-5F17-41F3-BAEE-A875BEB47A33}.Debug|Any CPU.ActiveCfg = Debug|Any CPU
		{18B01DBD-5F17-41F3-BAEE-A875BEB47A33}.Debug|Any CPU.Build.0 = Debug|Any CPU
		{18B01DBD-5F17-41F3-BAEE-A875BEB47A33}.Release|Any CPU.ActiveCfg = Release|Any CPU
		{18B01DBD-5F17-41F3-BAEE-A875BEB47A33}.Release|Any CPU.Build.0 = Release|Any CPU
	EndGlobalSection
	GlobalSection(SolutionProperties) = preSolution
		HideSolutionNode = FALSE
	EndGlobalSection
	GlobalSection(ExtensibilityGlobals) = postSolution
		SolutionGuid = {B69E44E9-66BD-4605-B95F-33B3B6F3A9D0}
	EndGlobalSection
EndGlobal
